
Microsoft Visual Studio Solution File, Format Version 12.00
# Visual Studio Version 17
VisualStudioVersion = 17.7.34221.43
MinimumVisualStudioVersion = 10.0.40219.1
Project("{FAE04EC0-301F-11D3-BF4B-00C04F79EFBC}") = "MSSQLPrograms", "MSSQLPrograms\MSSQLPrograms.csproj", "{A79908C9-58A0-49B2-9596-183E8E259ED7}"
EndProject
Project("{FAE04EC0-301F-11D3-BF4B-00C04F79EFBC}") = "MSSQLBasics", "MSSQLBasics\MSSQLBasics.csproj", "{EB25633D-EA68-4200-B41E-74BA898A5EB1}"
EndProject
Global
	GlobalSection(SolutionConfigurationPlatforms) = preSolution
		Debug|Any CPU = Debug|Any CPU
		Release|Any CPU = Release|Any CPU
	EndGlobalSection
	GlobalSection(ProjectConfigurationPlatforms) = postSolution
		{A79908C9-58A0-49B2-9596-183E8E259ED7}.Debug|Any CPU.ActiveCfg = Debug|Any CPU
		{A79908C9-58A0-49B2-9596-183E8E259ED7}.Debug|Any CPU.Build.0 = Debug|Any CPU
		{A79908C9-58A0-49B2-9596-183E8E259ED7}.Release|Any CPU.ActiveCfg = Release|Any CPU
		{A79908C9-58A0-49B2-9596-183E8E259ED7}.Release|Any CPU.Build.0 = Release|Any CPU
		{EB25633D-EA68-4200-B41E-74BA898A5EB1}.Debug|Any CPU.ActiveCfg = Debug|Any CPU
		{EB25633D-EA68-4200-B41E-74BA898A5EB1}.Debug|Any CPU.Build.0 = Debug|Any CPU
		{EB25633D-EA68-4200-B41E-74BA898A5EB1}.Release|Any CPU.ActiveCfg = Release|Any CPU
		{EB25633D-EA68-4200-B41E-74BA898A5EB1}.Release|Any CPU.Build.0 = Release|Any CPU
	EndGlobalSection
	GlobalSection(SolutionProperties) = preSolution
		HideSolutionNode = FALSE
	EndGlobalSection
	GlobalSection(ExtensibilityGlobals) = postSolution
		SolutionGuid = {E5779B95-1984-419D-BFDE-7DB627A6A848}
	EndGlobalSection
EndGlobal
